<Solution>
  <Folder Name="/Solution items/">
    <File Path="README.md" />
    <File Path=".gitignore" />
    <File Path=".github\dependabot.yml" />
    <File Path=".github\workflows\build-and-test.yml" />
    <File Path="CLAUDE.md" />
    <File Path="Dockerfile" />
    <File Path=".gitattributes" />
  </Folder>
  <Project Path="SaturdayQuizWeb.IntegrationTests\SaturdayQuizWeb.IntegrationTests.csproj" Type="C#" />
  <Project Path="SaturdayQuizWeb.JavaScriptTests\SaturdayQuizWeb.JavaScriptTests.csproj" Type="C#" />
  <Project Path="SaturdayQuizWeb.UnitTests\SaturdayQuizWeb.UnitTests.csproj" Type="C#" />
  <Project Path="SaturdayQuizWeb\SaturdayQuizWeb.csproj" Type="C#" />
</Solution>
